// !$*UTF8*$!
{
	archiveVersion = 1;
	classes = {
	};
	objectVersion = 50;
	objects = {

/* Begin PBXBuildFile section */
		119851DD261FA77100C7F7D1 /* BookwormApp.swift in Sources */ = {isa = PBXBuildFile; fileRef = 119851DC261FA77100C7F7D1 /* BookwormApp.swift */; };
		119851DF261FA77100C7F7D1 /* ContentView.swift in Sources */ = {isa = PBXBuildFile; fileRef = 119851DE261FA77100C7F7D1 /* ContentView.swift */; };
		119851E1261FA77200C7F7D1 /* Assets.xcassets in Resources */ = {isa = PBXBuildFile; fileRef = 119851E0261FA77200C7F7D1 /* Assets.xcassets */; };
		119851E4261FA77200C7F7D1 /* Preview Assets.xcassets in Resources */ = {isa = PBXBuildFile; fileRef = 119851E3261FA77200C7F7D1 /* Preview Assets.xcassets */; };
		119851E6261FA77200C7F7D1 /* Persistence.swift in Sources */ = {isa = PBXBuildFile; fileRef = 119851E5261FA77200C7F7D1 /* Persistence.swift */; };
		119851E9261FA77200C7F7D1 /* Bookworm.xcdatamodeld in Sources */ = {isa = PBXBuildFile; fileRef = 119851E7261FA77200C7F7D1 /* Bookworm.xcdatamodeld */; };
		119851F4261FA77200C7F7D1 /* BookwormTests.swift in Sources */ = {isa = PBXBuildFile; fileRef = 119851F3261FA77200C7F7D1 /* BookwormTests.swift */; };
		119851FF261FA77200C7F7D1 /* BookwormUITests.swift in Sources */ = {isa = PBXBuildFile; fileRef = 119851FE261FA77200C7F7D1 /* BookwormUITests.swift */; };
/* End PBXBuildFile section */

/* Begin PBXContainerItemProxy section */
		119851F0261FA77200C7F7D1 /* PBXContainerItemProxy */ = {
			isa = PBXContainerItemProxy;
			containerPortal = 119851D1261FA77100C7F7D1 /* Project object */;
			proxyType = 1;
			remoteGlobalIDString = 119851D8261FA77100C7F7D1;
			remoteInfo = Bookworm;
		};
		119851FB261FA77200C7F7D1 /* PBXContainerItemProxy */ = {
			isa = PBXContainerItemProxy;
			containerPortal = 119851D1261FA77100C7F7D1 /* Project object */;
			proxyType = 1;
			remoteGlobalIDString = 119851D8261FA77100C7F7D1;
			remoteInfo = Bookworm;
		};
/* End PBXContainerItemProxy section */

/* Begin PBXFileReference section */
		119851D9261FA77100C7F7D1 /* Bookworm.app */ = {isa = PBXFileReference; explicitFileType = wrapper.application; includeInIndex = 0; path = Bookworm.app; sourceTree = BUILT_PRODUCTS_DIR; };
		119851DC261FA77100C7F7D1 /* BookwormApp.swift */ = {isa = PBXFileReference; lastKnownFileType = sourcecode.swift; path = BookwormApp.swift; sourceTree = "<group>"; };
		119851DE261FA77100C7F7D1 /* ContentView.swift */ = {isa = PBXFileReference; lastKnownFileType = sourcecode.swift; path = ContentView.swift; sourceTree = "<group>"; };
		119851E0261FA77200C7F7D1 /* Assets.xcassets */ = {isa = PBXFileReference; lastKnownFileType = folder.assetcatalog; path = Assets.xcassets; sourceTree = "<group>"; };
		119851E3261FA77200C7F7D1 /* Preview Assets.xcassets */ = {isa = PBXFileReference; lastKnownFileType = folder.assetcatalog; path = "Preview Assets.xcassets"; sourceTree = "<group>"; };
		119851E5261FA77200C7F7D1 /* Persistence.swift */ = {isa = PBXFileReference; lastKnownFileType = sourcecode.swift; path = Persistence.swift; sourceTree = "<group>"; };
		119851E8261FA77200C7F7D1 /* Bookworm.xcdatamodel */ = {isa = PBXFileReference; lastKnownFileType = wrapper.xcdatamodel; path = Bookworm.xcdatamodel; sourceTree = "<group>"; };
		119851EA261FA77200C7F7D1 /* Info.plist */ = {isa = PBXFileReference; lastKnownFileType = text.plist.xml; path = Info.plist; sourceTree = "<group>"; };
		119851EF261FA77200C7F7D1 /* BookwormTests.xctest */ = {isa = PBXFileReference; explicitFileType = wrapper.cfbundle; includeInIndex = 0; path = BookwormTests.xctest; sourceTree = BUILT_PRODUCTS_DIR; };
		119851F3261FA77200C7F7D1 /* BookwormTests.swift */ = {isa = PBXFileReference; lastKnownFileType = sourcecode.swift; path = BookwormTests.swift; sourceTree = "<group>"; };
		119851F5261FA77200C7F7D1 /* Info.plist */ = {isa = PBXFileReference; lastKnownFileType = text.plist.xml; path = Info.plist; sourceTree = "<group>"; };
		119851FA261FA77200C7F7D1 /* BookwormUITests.xctest */ = {isa = PBXFileReference; explicitFileType = wrapper.cfbundle; includeInIndex = 0; path = BookwormUITests.xctest; sourceTree = BUILT_PRODUCTS_DIR; };
		119851FE261FA77200C7F7D1 /* BookwormUITests.swift */ = {isa = PBXFileReference; lastKnownFileType = sourcecode.swift; path = BookwormUITests.swift; sourceTree = "<group>"; };
		11985200261FA77200C7F7D1 /* Info.plist */ = {isa = PBXFileReference; lastKnownFileType = text.plist.xml; path = Info.plist; sourceTree = "<group>"; };
/* End PBXFileReference section */

/* Begin PBXFrameworksBuildPhase section */
		119851D6261FA77100C7F7D1 /* Frameworks */ = {
			isa = PBXFrameworksBuildPhase;
			buildActionMask = 2147483647;
			files = (
			);
			runOnlyForDeploymentPostprocessing = 0;
		};
		119851EC261FA77200C7F7D1 /* Frameworks */ = {
			isa = PBXFrameworksBuildPhase;
			buildActionMask = 2147483647;
			files = (
			);
			runOnlyForDeploymentPostprocessing = 0;
		};
		119851F7261FA77200C7F7D1 /* Frameworks */ = {
			isa = PBXFrameworksBuildPhase;
			buildActionMask = 2147483647;
			files = (
			);
			runOnlyForDeploymentPostprocessing = 0;
		};
/* End PBXFrameworksBuildPhase section */

/* Begin PBXGroup section */
		119851D0261FA77100C7F7D1 = {
			isa = PBXGroup;
			children = (
				119851DB261FA77100C7F7D1 /* Bookworm */,
				119851F2261FA77200C7F7D1 /* BookwormTests */,
				119851FD261FA77200C7F7D1 /* BookwormUITests */,
				119851DA261FA77100C7F7D1 /* Products */,
			);
			sourceTree = "<group>";
		};
		119851DA261FA77100C7F7D1 /* Products */ = {
			isa = PBXGroup;
			children = (
				119851D9261FA77100C7F7D1 /* Bookworm.app */,
				119851EF261FA77200C7F7D1 /* BookwormTests.xctest */,
				119851FA261FA77200C7F7D1 /* BookwormUITests.xctest */,
			);
			name = Products;
			sourceTree = "<group>";
		};
		119851DB261FA77100C7F7D1 /* Bookworm */ = {
			isa = PBXGroup;
			children = (
				119851DC261FA77100C7F7D1 /* BookwormApp.swift */,
				119851DE261FA77100C7F7D1 /* ContentView.swift */,
				119851E0261FA77200C7F7D1 /* Assets.xcassets */,
				119851E5261FA77200C7F7D1 /* Persistence.swift */,
				119851EA261FA77200C7F7D1 /* Info.plist */,
				119851E7261FA77200C7F7D1 /* Bookworm.xcdatamodeld */,
				119851E2261FA77200C7F7D1 /* Preview Content */,
			);
			path = Bookworm;
			sourceTree = "<group>";
		};
		119851E2261FA77200C7F7D1 /* Preview Content */ = {
			isa = PBXGroup;
			children = (
				119851E3261FA77200C7F7D1 /* Preview Assets.xcassets */,
			);
			path = "Preview Content";
			sourceTree = "<group>";
		};
		119851F2261FA77200C7F7D1 /* BookwormTests */ = {
			isa = PBXGroup;
			children = (
				119851F3261FA77200C7F7D1 /* BookwormTests.swift */,
				119851F5261FA77200C7F7D1 /* Info.plist */,
			);
			path = BookwormTests;
			sourceTree = "<group>";
		};
		119851FD261FA77200C7F7D1 /* BookwormUITests */ = {
			isa = PBXGroup;
			children = (
				119851FE261FA77200C7F7D1 /* BookwormUITests.swift */,
				11985200261FA77200C7F7D1 /* Info.plist */,
			);
			path = BookwormUITests;
			sourceTree = "<group>";
		};
/* End PBXGroup section */

/* Begin PBXNativeTarget section */
		119851D8261FA77100C7F7D1 /* Bookworm */ = {
			isa = PBXNativeTarget;
			buildConfigurationList = 11985203261FA77200C7F7D1 /* Build configuration list for PBXNativeTarget "Bookworm" */;
			buildPhases = (
				119851D5261FA77100C7F7D1 /* Sources */,
				119851D6261FA77100C7F7D1 /* Frameworks */,
				119851D7261FA77100C7F7D1 /* Resources */,
			);
			buildRules = (
			);
			dependencies = (
			);
			name = Bookworm;
			productName = Bookworm;
			productReference = 119851D9261FA77100C7F7D1 /* Bookworm.app */;
			productType = "com.apple.product-type.application";
		};
		119851EE261FA77200C7F7D1 /* BookwormTests */ = {
			isa = PBXNativeTarget;
			buildConfigurationList = 11985206261FA77200C7F7D1 /* Build configuration list for PBXNativeTarget "BookwormTests" */;
			buildPhases = (
				119851EB261FA77200C7F7D1 /* Sources */,
				119851EC261FA77200C7F7D1 /* Frameworks */,
				119851ED261FA77200C7F7D1 /* Resources */,
			);
			buildRules = (
			);
			dependencies = (
				119851F1261FA77200C7F7D1 /* PBXTargetDependency */,
			);
			name = BookwormTests;
			productName = BookwormTests;
			productReference = 119851EF261FA77200C7F7D1 /* BookwormTests.xctest */;
			productType = "com.apple.product-type.bundle.unit-test";
		};
		119851F9261FA77200C7F7D1 /* BookwormUITests */ = {
			isa = PBXNativeTarget;
			buildConfigurationList = 11985209261FA77200C7F7D1 /* Build configuration list for PBXNativeTarget "BookwormUITests" */;
			buildPhases = (
				119851F6261FA77200C7F7D1 /* Sources */,
				119851F7261FA77200C7F7D1 /* Frameworks */,
				119851F8261FA77200C7F7D1 /* Resources */,
			);
			buildRules = (
			);
			dependencies = (
				119851FC261FA77200C7F7D1 /* PBXTargetDependency */,
			);
			name = BookwormUITests;
			productName = BookwormUITests;
			productReference = 119851FA261FA77200C7F7D1 /* BookwormUITests.xctest */;
			productType = "com.apple.product-type.bundle.ui-testing";
		};
/* End PBXNativeTarget section */

/* Begin PBXProject section */
		119851D1261FA77100C7F7D1 /* Project object */ = {
			isa = PBXProject;
			attributes = {
				LastSwiftUpdateCheck = 1240;
				LastUpgradeCheck = 1240;
				TargetAttributes = {
					119851D8261FA77100C7F7D1 = {
						CreatedOnToolsVersion = 12.4;
					};
					119851EE261FA77200C7F7D1 = {
						CreatedOnToolsVersion = 12.4;
						TestTargetID = 119851D8261FA77100C7F7D1;
					};
					119851F9261FA77200C7F7D1 = {
						CreatedOnToolsVersion = 12.4;
						TestTargetID = 119851D8261FA77100C7F7D1;
					};
				};
			};
			buildConfigurationList = 119851D4261FA77100C7F7D1 /* Build configuration list for PBXProject "Bookworm" */;
			compatibilityVersion = "Xcode 9.3";
			developmentRegion = en;
			hasScannedForEncodings = 0;
			knownRegions = (
				en,
				Base,
			);
			mainGroup = 119851D0261FA77100C7F7D1;
			productRefGroup = 119851DA261FA77100C7F7D1 /* Products */;
			projectDirPath = "";
			projectRoot = "";
			targets = (
				119851D8261FA77100C7F7D1 /* Bookworm */,
				119851EE261FA77200C7F7D1 /* BookwormTests */,
				119851F9261FA77200C7F7D1 /* BookwormUITests */,
			);
		};
/* End PBXProject section */

/* Begin PBXResourcesBuildPhase section */
		119851D7261FA77100C7F7D1 /* Resources */ = {
			isa = PBXResourcesBuildPhase;
			buildActionMask = 2147483647;
			files = (
				119851E4261FA77200C7F7D1 /* Preview Assets.xcassets in Resources */,
				119851E1261FA77200C7F7D1 /* Assets.xcassets in Resources */,
			);
			runOnlyForDeploymentPostprocessing = 0;
		};
		119851ED261FA77200C7F7D1 /* Resources */ = {
			isa = PBXResourcesBuildPhase;
			buildActionMask = 2147483647;
			files = (
			);
			runOnlyForDeploymentPostprocessing = 0;
		};
		119851F8261FA77200C7F7D1 /* Resources */ = {
			isa = PBXResourcesBuildPhase;
			buildActionMask = 2147483647;
			files = (
			);
			runOnlyForDeploymentPostprocessing = 0;
		};
/* End PBXResourcesBuildPhase section */

/* Begin PBXSourcesBuildPhase section */
		119851D5261FA77100C7F7D1 /* Sources */ = {
			isa = PBXSourcesBuildPhase;
			buildActionMask = 2147483647;
			files = (
				119851E6261FA77200C7F7D1 /* Persistence.swift in Sources */,
				119851E9261FA77200C7F7D1 /* Bookworm.xcdatamodeld in Sources */,
				119851DF261FA77100C7F7D1 /* ContentView.swift in Sources */,
				119851DD261FA77100C7F7D1 /* BookwormApp.swift in Sources */,
			);
			runOnlyForDeploymentPostprocessing = 0;
		};
		119851EB261FA77200C7F7D1 /* Sources */ = {
			isa = PBXSourcesBuildPhase;
			buildActionMask = 2147483647;
			files = (
				119851F4261FA77200C7F7D1 /* BookwormTests.swift in Sources */,
			);
			runOnlyForDeploymentPostprocessing = 0;
		};
		119851F6261FA77200C7F7D1 /* Sources */ = {
			isa = PBXSourcesBuildPhase;
			buildActionMask = 2147483647;
			files = (
				119851FF261FA77200C7F7D1 /* BookwormUITests.swift in Sources */,
			);
			runOnlyForDeploymentPostprocessing = 0;
		};
/* End PBXSourcesBuildPhase section */

/* Begin PBXTargetDependency section */
		119851F1261FA77200C7F7D1 /* PBXTargetDependency */ = {
			isa = PBXTargetDependency;
			target = 119851D8261FA77100C7F7D1 /* Bookworm */;
			targetProxy = 119851F0261FA77200C7F7D1 /* PBXContainerItemProxy */;
		};
		119851FC261FA77200C7F7D1 /* PBXTargetDependency */ = {
			isa = PBXTargetDependency;
			target = 119851D8261FA77100C7F7D1 /* Bookworm */;
			targetProxy = 119851FB261FA77200C7F7D1 /* PBXContainerItemProxy */;
		};
/* End PBXTargetDependency section */

/* Begin XCBuildConfiguration section */
		11985201261FA77200C7F7D1 /* Debug */ = {
			isa = XCBuildConfiguration;
			buildSettings = {
				ALWAYS_SEARCH_USER_PATHS = NO;
				CLANG_ANALYZER_NONNULL = YES;
				CLANG_ANALYZER_NUMBER_OBJECT_CONVERSION = YES_AGGRESSIVE;
				CLANG_CXX_LANGUAGE_STANDARD = "gnu++14";
				CLANG_CXX_LIBRARY = "libc++";
				CLANG_ENABLE_MODULES = YES;
				CLANG_ENABLE_OBJC_ARC = YES;
				CLANG_ENABLE_OBJC_WEAK = YES;
				CLANG_WARN_BLOCK_CAPTURE_AUTORELEASING = YES;
				CLANG_WARN_BOOL_CONVERSION = YES;
				CLANG_WARN_COMMA = YES;
				CLANG_WARN_CONSTANT_CONVERSION = YES;
				CLANG_WARN_DEPRECATED_OBJC_IMPLEMENTATIONS = YES;
				CLANG_WARN_DIRECT_OBJC_ISA_USAGE = YES_ERROR;
				CLANG_WARN_DOCUMENTATION_COMMENTS = YES;
				CLANG_WARN_EMPTY_BODY = YES;
				CLANG_WARN_ENUM_CONVERSION = YES;
				CLANG_WARN_INFINITE_RECURSION = YES;
				CLANG_WARN_INT_CONVERSION = YES;
				CLANG_WARN_NON_LITERAL_NULL_CONVERSION = YES;
				CLANG_WARN_OBJC_IMPLICIT_RETAIN_SELF = YES;
				CLANG_WARN_OBJC_LITERAL_CONVERSION = YES;
				CLANG_WARN_OBJC_ROOT_CLASS = YES_ERROR;
				CLANG_WARN_QUOTED_INCLUDE_IN_FRAMEWORK_HEADER = YES;
				CLANG_WARN_RANGE_LOOP_ANALYSIS = YES;
				CLANG_WARN_STRICT_PROTOTYPES = YES;
				CLANG_WARN_SUSPICIOUS_MOVE = YES;
				CLANG_WARN_UNGUARDED_AVAILABILITY = YES_AGGRESSIVE;
				CLANG_WARN_UNREACHABLE_CODE = YES;
				CLANG_WARN__DUPLICATE_METHOD_MATCH = YES;
				COPY_PHASE_STRIP = NO;
				DEBUG_INFORMATION_FORMAT = dwarf;
				ENABLE_STRICT_OBJC_MSGSEND = YES;
				ENABLE_TESTABILITY = YES;
				GCC_C_LANGUAGE_STANDARD = gnu11;
				GCC_DYNAMIC_NO_PIC = NO;
				GCC_NO_COMMON_BLOCKS = YES;
				GCC_OPTIMIZATION_LEVEL = 0;
				GCC_PREPROCESSOR_DEFINITIONS = (
					"DEBUG=1",
					"$(inherited)",
				);
				GCC_WARN_64_TO_32_BIT_CONVERSION = YES;
				GCC_WARN_ABOUT_RETURN_TYPE = YES_ERROR;
				GCC_WARN_UNDECLARED_SELECTOR = YES;
				GCC_WARN_UNINITIALIZED_AUTOS = YES_AGGRESSIVE;
				GCC_WARN_UNUSED_FUNCTION = YES;
				GCC_WARN_UNUSED_VARIABLE = YES;
				IPHONEOS_DEPLOYMENT_TARGET = 14.4;
				MTL_ENABLE_DEBUG_INFO = INCLUDE_SOURCE;
				MTL_FAST_MATH = YES;
				ONLY_ACTIVE_ARCH = YES;
				SDKROOT = iphoneos;
				SWIFT_ACTIVE_COMPILATION_CONDITIONS = DEBUG;
				SWIFT_OPTIMIZATION_LEVEL = "-Onone";
			};
			name = Debug;
		};
		11985202261FA77200C7F7D1 /* Release */ = {
			isa = XCBuildConfiguration;
			buildSettings = {
				ALWAYS_SEARCH_USER_PATHS = NO;
				CLANG_ANALYZER_NONNULL = YES;
				CLANG_ANALYZER_NUMBER_OBJECT_CONVERSION = YES_AGGRESSIVE;
				CLANG_CXX_LANGUAGE_STANDARD = "gnu++14";
				CLANG_CXX_LIBRARY = "libc++";
				CLANG_ENABLE_MODULES = YES;
				CLANG_ENABLE_OBJC_ARC = YES;
				CLANG_ENABLE_OBJC_WEAK = YES;
				CLANG_WARN_BLOCK_CAPTURE_AUTORELEASING = YES;
				CLANG_WARN_BOOL_CONVERSION = YES;
				CLANG_WARN_COMMA = YES;
				CLANG_WARN_CONSTANT_CONVERSION = YES;
				CLANG_WARN_DEPRECATED_OBJC_IMPLEMENTATIONS = YES;
				CLANG_WARN_DIRECT_OBJC_ISA_USAGE = YES_ERROR;
				CLANG_WARN_DOCUMENTATION_COMMENTS = YES;
				CLANG_WARN_EMPTY_BODY = YES;
				CLANG_WARN_ENUM_CONVERSION = YES;
				CLANG_WARN_INFINITE_RECURSION = YES;
				CLANG_WARN_INT_CONVERSION = YES;
				CLANG_WARN_NON_LITERAL_NULL_CONVERSION = YES;
				CLANG_WARN_OBJC_IMPLICIT_RETAIN_SELF = YES;
				CLANG_WARN_OBJC_LITERAL_CONVERSION = YES;
				CLANG_WARN_OBJC_ROOT_CLASS = YES_ERROR;
				CLANG_WARN_QUOTED_INCLUDE_IN_FRAMEWORK_HEADER = YES;
				CLANG_WARN_RANGE_LOOP_ANALYSIS = YES;
				CLANG_WARN_STRICT_PROTOTYPES = YES;
				CLANG_WARN_SUSPICIOUS_MOVE = YES;
				CLANG_WARN_UNGUARDED_AVAILABILITY = YES_AGGRESSIVE;
				CLANG_WARN_UNREACHABLE_CODE = YES;
				CLANG_WARN__DUPLICATE_METHOD_MATCH = YES;
				COPY_PHASE_STRIP = NO;
				DEBUG_INFORMATION_FORMAT = "dwarf-with-dsym";
				ENABLE_NS_ASSERTIONS = NO;
				ENABLE_STRICT_OBJC_MSGSEND = YES;
				GCC_C_LANGUAGE_STANDARD = gnu11;
				GCC_NO_COMMON_BLOCKS = YES;
				GCC_WARN_64_TO_32_BIT_CONVERSION = YES;
				GCC_WARN_ABOUT_RETURN_TYPE = YES_ERROR;
				GCC_WARN_UNDECLARED_SELECTOR = YES;
				GCC_WARN_UNINITIALIZED_AUTOS = YES_AGGRESSIVE;
				GCC_WARN_UNUSED_FUNCTION = YES;
				GCC_WARN_UNUSED_VARIABLE = YES;
				IPHONEOS_DEPLOYMENT_TARGET = 14.4;
				MTL_ENABLE_DEBUG_INFO = NO;
				MTL_FAST_MATH = YES;
				SDKROOT = iphoneos;
				SWIFT_COMPILATION_MODE = wholemodule;
				SWIFT_OPTIMIZATION_LEVEL = "-O";
				VALIDATE_PRODUCT = YES;
			};
			name = Release;
		};
		11985204261FA77200C7F7D1 /* Debug */ = {
			isa = XCBuildConfiguration;
			buildSettings = {
				ASSETCATALOG_COMPILER_APPICON_NAME = AppIcon;
				ASSETCATALOG_COMPILER_GLOBAL_ACCENT_COLOR_NAME = AccentColor;
				CODE_SIGN_STYLE = Automatic;
				DEVELOPMENT_ASSET_PATHS = "\"Bookworm/Preview Content\"";
				DEVELOPMENT_TEAM = C6DQVPTV2K;
				ENABLE_PREVIEWS = YES;
				INFOPLIST_FILE = Bookworm/Info.plist;
				IPHONEOS_DEPLOYMENT_TARGET = 14.0;
				LD_RUNPATH_SEARCH_PATHS = (
					"$(inherited)",
					"@executable_path/Frameworks",
				);
				PRODUCT_BUNDLE_IDENTIFIER = uk.co.rickbrown.Bookworm;
				PRODUCT_NAME = "$(TARGET_NAME)";
				SWIFT_VERSION = 5.0;
				TARGETED_DEVICE_FAMILY = "1,2";
			};
			name = Debug;
		};
		11985205261FA77200C7F7D1 /* Release */ = {
			isa = XCBuildConfiguration;
			buildSettings = {
				ASSETCATALOG_COMPILER_APPICON_NAME = AppIcon;
				ASSETCATALOG_COMPILER_GLOBAL_ACCENT_COLOR_NAME = AccentColor;
				CODE_SIGN_STYLE = Automatic;
				DEVELOPMENT_ASSET_PATHS = "\"Bookworm/Preview Content\"";
				DEVELOPMENT_TEAM = C6DQVPTV2K;
				ENABLE_PREVIEWS = YES;
				INFOPLIST_FILE = Bookworm/Info.plist;
				IPHONEOS_DEPLOYMENT_TARGET = 14.0;
				LD_RUNPATH_SEARCH_PATHS = (
					"$(inherited)",
					"@executable_path/Frameworks",
				);
				PRODUCT_BUNDLE_IDENTIFIER = uk.co.rickbrown.Bookworm;
				PRODUCT_NAME = "$(TARGET_NAME)";
				SWIFT_VERSION = 5.0;
				TARGETED_DEVICE_FAMILY = "1,2";
			};
			name = Release;
		};
		11985207261FA77200C7F7D1 /* Debug */ = {
			isa = XCBuildConfiguration;
			buildSettings = {
				ALWAYS_EMBED_SWIFT_STANDARD_LIBRARIES = YES;
				BUNDLE_LOADER = "$(TEST_HOST)";
				CODE_SIGN_STYLE = Automatic;
				DEVELOPMENT_TEAM = C6DQVPTV2K;
				INFOPLIST_FILE = BookwormTests/Info.plist;
				IPHONEOS_DEPLOYMENT_TARGET = 14.0;
				LD_RUNPATH_SEARCH_PATHS = (
					"$(inherited)",
					"@executable_path/Frameworks",
					"@loader_path/Frameworks",
				);
				PRODUCT_BUNDLE_IDENTIFIER = uk.co.rickbrown.BookwormTests;
				PRODUCT_NAME = "$(TARGET_NAME)";
				SWIFT_VERSION = 5.0;
				TARGETED_DEVICE_FAMILY = "1,2";
				TEST_HOST = "$(BUILT_PRODUCTS_DIR)/Bookworm.app/Bookworm";
			};
			name = Debug;
		};
		11985208261FA77200C7F7D1 /* Release */ = {
			isa = XCBuildConfiguration;
			buildSettings = {
				ALWAYS_EMBED_SWIFT_STANDARD_LIBRARIES = YES;
				BUNDLE_LOADER = "$(TEST_HOST)";
				CODE_SIGN_STYLE = Automatic;
				DEVELOPMENT_TEAM = C6DQVPTV2K;
				INFOPLIST_FILE = BookwormTests/Info.plist;
				IPHONEOS_DEPLOYMENT_TARGET = 14.0;
				LD_RUNPATH_SEARCH_PATHS = (
					"$(inherited)",
					"@executable_path/Frameworks",
					"@loader_path/Frameworks",
				);
				PRODUCT_BUNDLE_IDENTIFIER = uk.co.rickbrown.BookwormTests;
				PRODUCT_NAME = "$(TARGET_NAME)";
				SWIFT_VERSION = 5.0;
				TARGETED_DEVICE_FAMILY = "1,2";
				TEST_HOST = "$(BUILT_PRODUCTS_DIR)/Bookworm.app/Bookworm";
			};
			name = Release;
		};
		1198520A261FA77200C7F7D1 /* Debug */ = {
			isa = XCBuildConfiguration;
			buildSettings = {
				ALWAYS_EMBED_SWIFT_STANDARD_LIBRARIES = YES;
				CODE_SIGN_STYLE = Automatic;
				DEVELOPMENT_TEAM = C6DQVPTV2K;
				INFOPLIST_FILE = BookwormUITests/Info.plist;
				LD_RUNPATH_SEARCH_PATHS = (
					"$(inherited)",
					"@executable_path/Frameworks",
					"@loader_path/Frameworks",
				);
				PRODUCT_BUNDLE_IDENTIFIER = uk.co.rickbrown.BookwormUITests;
				PRODUCT_NAME = "$(TARGET_NAME)";
				SWIFT_VERSION = 5.0;
				TARGETED_DEVICE_FAMILY = "1,2";
				TEST_TARGET_NAME = Bookworm;
			};
			name = Debug;
		};
		1198520B261FA77200C7F7D1 /* Release */ = {
			isa = XCBuildConfiguration;
			buildSettings = {
				ALWAYS_EMBED_SWIFT_STANDARD_LIBRARIES = YES;
				CODE_SIGN_STYLE = Automatic;
				DEVELOPMENT_TEAM = C6DQVPTV2K;
				INFOPLIST_FILE = BookwormUITests/Info.plist;
				LD_RUNPATH_SEARCH_PATHS = (
					"$(inherited)",
					"@executable_path/Frameworks",
					"@loader_path/Frameworks",
				);
				PRODUCT_BUNDLE_IDENTIFIER = uk.co.rickbrown.BookwormUITests;
				PRODUCT_NAME = "$(TARGET_NAME)";
				SWIFT_VERSION = 5.0;
				TARGETED_DEVICE_FAMILY = "1,2";
				TEST_TARGET_NAME = Bookworm;
			};
			name = Release;
		};
/* End XCBuildConfiguration section */

/* Begin XCConfigurationList section */
		119851D4261FA77100C7F7D1 /* Build configuration list for PBXProject "Bookworm" */ = {
			isa = XCConfigurationList;
			buildConfigurations = (
				11985201261FA77200C7F7D1 /* Debug */,
				11985202261FA77200C7F7D1 /* Release */,
			);
			defaultConfigurationIsVisible = 0;
			defaultConfigurationName = Release;
		};
		11985203261FA77200C7F7D1 /* Build configuration list for PBXNativeTarget "Bookworm" */ = {
			isa = XCConfigurationList;
			buildConfigurations = (
				11985204261FA77200C7F7D1 /* Debug */,
				11985205261FA77200C7F7D1 /* Release */,
			);
			defaultConfigurationIsVisible = 0;
			defaultConfigurationName = Release;
		};
		11985206261FA77200C7F7D1 /* Build configuration list for PBXNativeTarget "BookwormTests" */ = {
			isa = XCConfigurationList;
			buildConfigurations = (
				11985207261FA77200C7F7D1 /* Debug */,
				11985208261FA77200C7F7D1 /* Release */,
			);
			defaultConfigurationIsVisible = 0;
			defaultConfigurationName = Release;
		};
		11985209261FA77200C7F7D1 /* Build configuration list for PBXNativeTarget "BookwormUITests" */ = {
			isa = XCConfigurationList;
			buildConfigurations = (
				1198520A261FA77200C7F7D1 /* Debug */,
				1198520B261FA77200C7F7D1 /* Release */,
			);
			defaultConfigurationIsVisible = 0;
			defaultConfigurationName = Release;
		};
/* End XCConfigurationList section */

/* Begin XCVersionGroup section */
		119851E7261FA77200C7F7D1 /* Bookworm.xcdatamodeld */ = {
			isa = XCVersionGroup;
			children = (
				119851E8261FA77200C7F7D1 /* Bookworm.xcdatamodel */,
			);
			currentVersion = 119851E8261FA77200C7F7D1 /* Bookworm.xcdatamodel */;
			path = Bookworm.xcdatamodeld;
			sourceTree = "<group>";
			versionGroupType = wrapper.xcdatamodel;
		};
/* End XCVersionGroup section */
	};
	rootObject = 119851D1261FA77100C7F7D1 /* Project object */;
}
